
Microsoft Visual Studio Solution File, Format Version 12.00
# Visual Studio 14
VisualStudioVersion = 14.0.25420.1
MinimumVisualStudioVersion = 10.0.40219.1
Project("{2150E333-8FDC-42A3-9474-1A3956D46DE8}") = "Solution Items", "Solution Items", "{DF8F76DA-F10A-4D74-B374-87E5A77108E4}"
EndProject
Project("{6989167D-11E4-40FE-8C1A-2192A86A7E90}") = "build", "build.vfproj", "{20A19C4C-FF7C-46D6-A831-B51791C4A79D}"
EndProject
Project("{6989167D-11E4-40FE-8C1A-2192A86A7E90}") = "vertex", "vertex.vfproj", "{F7B371C3-4531-40CF-99B7-58937791340E}"
EndProject
Project("{6989167D-11E4-40FE-8C1A-2192A86A7E90}") = "werami", "werami.vfproj", "{365F8C30-BD99-45DA-9A6D-87CA35FAD459}"
EndProject
Project("{6989167D-11E4-40FE-8C1A-2192A86A7E90}") = "pssect", "pssect.vfproj", "{F3ECE0FD-666D-4B3B-8496-086920C94BBB}"
EndProject
Project("{6989167D-11E4-40FE-8C1A-2192A86A7E90}") = "meemum", "meemum.vfproj", "{2ACD338A-85F4-480C-9E8A-8AA8B0822F83}"
EndProject
Project("{6989167D-11E4-40FE-8C1A-2192A86A7E90}") = "convex", "convex.vfproj", "{EA5F2ABF-2692-4E8F-8FCD-43AFC609950C}"
EndProject
Project("{6989167D-11E4-40FE-8C1A-2192A86A7E90}") = "frendly", "frendly.vfproj", "{BBFF19AC-343F-448F-84F2-641D8E8BFCE5}"
EndProject
Project("{6989167D-11E4-40FE-8C1A-2192A86A7E90}") = "fluids", "fluids.vfproj", "{CCBB8CDF-9EB2-48AE-9A9C-87EEB72F8602}"
EndProject
Project("{6989167D-11E4-40FE-8C1A-2192A86A7E90}") = "psvdraw", "psvdraw.vfproj", "{91A3D120-6D9C-438C-A1D9-7C9B0CD0499A}"
EndProject
Project("{6989167D-11E4-40FE-8C1A-2192A86A7E90}") = "pstable", "pstable.vfproj", "{198F42A6-1B2D-48EB-BF30-371DA23AB939}"
EndProject
Project("{6989167D-11E4-40FE-8C1A-2192A86A7E90}") = "pt2curv", "pt2curv.vfproj", "{B8675157-5275-4023-8346-0C0B44377EAF}"
EndProject
Project("{6989167D-11E4-40FE-8C1A-2192A86A7E90}") = "ctransf", "ctransf.vfproj", "{51C496EC-A8B0-4441-AD05-9445080007D2}"
EndProject
Project("{6989167D-11E4-40FE-8C1A-2192A86A7E90}") = "DEW_2_ver", "DEW_2_ver.vfproj", "{98A8E07F-5809-4CDF-9F97-E6513E9808CD}"
EndProject
Project("{6989167D-11E4-40FE-8C1A-2192A86A7E90}") = "pspts", "pspts.vfproj", "{BB8CBAC7-A341-41AA-A121-EA2CCE707E72}"
EndProject
Project("{6989167D-11E4-40FE-8C1A-2192A86A7E90}") = "actcor", "actcor.vfproj", "{CDB3E627-75B0-4C62-8925-A747F95DF306}"
EndProject
Project("{6989167D-11E4-40FE-8C1A-2192A86A7E90}") = "hptover", "hptover.vfproj", "{9F30CF4B-A25A-4CB6-8796-212728F90CB2}"
EndProject
Global
	GlobalSection(SolutionConfigurationPlatforms) = preSolution
		Debug|x64 = Debug|x64
		Debug|x86 = Debug|x86
		Release|x64 = Release|x64
		Release|x86 = Release|x86
	EndGlobalSection
	GlobalSection(ProjectConfigurationPlatforms) = postSolution
		{20A19C4C-FF7C-46D6-A831-B51791C4A79D}.Debug|x64.ActiveCfg = Debug|x64
		{20A19C4C-FF7C-46D6-A831-B51791C4A79D}.Debug|x64.Build.0 = Debug|x64
		{20A19C4C-FF7C-46D6-A831-B51791C4A79D}.Debug|x86.ActiveCfg = Debug|Win32
		{20A19C4C-FF7C-46D6-A831-B51791C4A79D}.Debug|x86.Build.0 = Debug|Win32
		{20A19C4C-FF7C-46D6-A831-B51791C4A79D}.Release|x64.ActiveCfg = Release|x64
		{20A19C4C-FF7C-46D6-A831-B51791C4A79D}.Release|x64.Build.0 = Release|x64
		{20A19C4C-FF7C-46D6-A831-B51791C4A79D}.Release|x86.ActiveCfg = Release|Win32
		{20A19C4C-FF7C-46D6-A831-B51791C4A79D}.Release|x86.Build.0 = Release|Win32
		{F7B371C3-4531-40CF-99B7-58937791340E}.Debug|x64.ActiveCfg = Debug|x64
		{F7B371C3-4531-40CF-99B7-58937791340E}.Debug|x64.Build.0 = Debug|x64
		{F7B371C3-4531-40CF-99B7-58937791340E}.Debug|x86.ActiveCfg = Debug|Win32
		{F7B371C3-4531-40CF-99B7-58937791340E}.Debug|x86.Build.0 = Debug|Win32
		{F7B371C3-4531-40CF-99B7-58937791340E}.Release|x64.ActiveCfg = Release|x64
		{F7B371C3-4531-40CF-99B7-58937791340E}.Release|x64.Build.0 = Release|x64
		{F7B371C3-4531-40CF-99B7-58937791340E}.Release|x86.ActiveCfg = Release|Win32
		{F7B371C3-4531-40CF-99B7-58937791340E}.Release|x86.Build.0 = Release|Win32
		{365F8C30-BD99-45DA-9A6D-87CA35FAD459}.Debug|x64.ActiveCfg = Debug|x64
		{365F8C30-BD99-45DA-9A6D-87CA35FAD459}.Debug|x64.Build.0 = Debug|x64
		{365F8C30-BD99-45DA-9A6D-87CA35FAD459}.Debug|x86.ActiveCfg = Debug|Win32
		{365F8C30-BD99-45DA-9A6D-87CA35FAD459}.Debug|x86.Build.0 = Debug|Win32
		{365F8C30-BD99-45DA-9A6D-87CA35FAD459}.Release|x64.ActiveCfg = Release|x64
		{365F8C30-BD99-45DA-9A6D-87CA35FAD459}.Release|x64.Build.0 = Release|x64
		{365F8C30-BD99-45DA-9A6D-87CA35FAD459}.Release|x86.ActiveCfg = Release|Win32
		{365F8C30-BD99-45DA-9A6D-87CA35FAD459}.Release|x86.Build.0 = Release|Win32
		{F3ECE0FD-666D-4B3B-8496-086920C94BBB}.Debug|x64.ActiveCfg = Debug|x64
		{F3ECE0FD-666D-4B3B-8496-086920C94BBB}.Debug|x64.Build.0 = Debug|x64
		{F3ECE0FD-666D-4B3B-8496-086920C94BBB}.Debug|x86.ActiveCfg = Debug|Win32
		{F3ECE0FD-666D-4B3B-8496-086920C94BBB}.Debug|x86.Build.0 = Debug|Win32
		{F3ECE0FD-666D-4B3B-8496-086920C94BBB}.Release|x64.ActiveCfg = Release|x64
		{F3ECE0FD-666D-4B3B-8496-086920C94BBB}.Release|x64.Build.0 = Release|x64
		{F3ECE0FD-666D-4B3B-8496-086920C94BBB}.Release|x86.ActiveCfg = Release|Win32
		{F3ECE0FD-666D-4B3B-8496-086920C94BBB}.Release|x86.Build.0 = Release|Win32
		{2ACD338A-85F4-480C-9E8A-8AA8B0822F83}.Debug|x64.ActiveCfg = Debug|x64
		{2ACD338A-85F4-480C-9E8A-8AA8B0822F83}.Debug|x64.Build.0 = Debug|x64
		{2ACD338A-85F4-480C-9E8A-8AA8B0822F83}.Debug|x86.ActiveCfg = Debug|Win32
		{2ACD338A-85F4-480C-9E8A-8AA8B0822F83}.Debug|x86.Build.0 = Debug|Win32
		{2ACD338A-85F4-480C-9E8A-8AA8B0822F83}.Release|x64.ActiveCfg = Release|x64
		{2ACD338A-85F4-480C-9E8A-8AA8B0822F83}.Release|x64.Build.0 = Release|x64
		{2ACD338A-85F4-480C-9E8A-8AA8B0822F83}.Release|x86.ActiveCfg = Release|Win32
		{2ACD338A-85F4-480C-9E8A-8AA8B0822F83}.Release|x86.Build.0 = Release|Win32
		{EA5F2ABF-2692-4E8F-8FCD-43AFC609950C}.Debug|x64.ActiveCfg = Debug|x64
		{EA5F2ABF-2692-4E8F-8FCD-43AFC609950C}.Debug|x64.Build.0 = Debug|x64
		{EA5F2ABF-2692-4E8F-8FCD-43AFC609950C}.Debug|x86.ActiveCfg = Debug|Win32
		{EA5F2ABF-2692-4E8F-8FCD-43AFC609950C}.Debug|x86.Build.0 = Debug|Win32
		{EA5F2ABF-2692-4E8F-8FCD-43AFC609950C}.Release|x64.ActiveCfg = Release|x64
		{EA5F2ABF-2692-4E8F-8FCD-43AFC609950C}.Release|x64.Build.0 = Release|x64
		{EA5F2ABF-2692-4E8F-8FCD-43AFC609950C}.Release|x86.ActiveCfg = Release|Win32
		{EA5F2ABF-2692-4E8F-8FCD-43AFC609950C}.Release|x86.Build.0 = Release|Win32
		{BBFF19AC-343F-448F-84F2-641D8E8BFCE5}.Debug|x64.ActiveCfg = Debug|x64
		{BBFF19AC-343F-448F-84F2-641D8E8BFCE5}.Debug|x64.Build.0 = Debug|x64
		{BBFF19AC-343F-448F-84F2-641D8E8BFCE5}.Debug|x86.ActiveCfg = Debug|Win32
		{BBFF19AC-343F-448F-84F2-641D8E8BFCE5}.Debug|x86.Build.0 = Debug|Win32
		{BBFF19AC-343F-448F-84F2-641D8E8BFCE5}.Release|x64.ActiveCfg = Release|x64
		{BBFF19AC-343F-448F-84F2-641D8E8BFCE5}.Release|x64.Build.0 = Release|x64
		{BBFF19AC-343F-448F-84F2-641D8E8BFCE5}.Release|x86.ActiveCfg = Release|Win32
		{BBFF19AC-343F-448F-84F2-641D8E8BFCE5}.Release|x86.Build.0 = Release|Win32
		{CCBB8CDF-9EB2-48AE-9A9C-87EEB72F8602}.Debug|x64.ActiveCfg = Debug|x64
		{CCBB8CDF-9EB2-48AE-9A9C-87EEB72F8602}.Debug|x64.Build.0 = Debug|x64
		{CCBB8CDF-9EB2-48AE-9A9C-87EEB72F8602}.Debug|x86.ActiveCfg = Debug|Win32
		{CCBB8CDF-9EB2-48AE-9A9C-87EEB72F8602}.Debug|x86.Build.0 = Debug|Win32
		{CCBB8CDF-9EB2-48AE-9A9C-87EEB72F8602}.Release|x64.ActiveCfg = Release|x64
		{CCBB8CDF-9EB2-48AE-9A9C-87EEB72F8602}.Release|x64.Build.0 = Release|x64
		{CCBB8CDF-9EB2-48AE-9A9C-87EEB72F8602}.Release|x86.ActiveCfg = Release|Win32
		{CCBB8CDF-9EB2-48AE-9A9C-87EEB72F8602}.Release|x86.Build.0 = Release|Win32
		{91A3D120-6D9C-438C-A1D9-7C9B0CD0499A}.Debug|x64.ActiveCfg = Debug|x64
		{91A3D120-6D9C-438C-A1D9-7C9B0CD0499A}.Debug|x64.Build.0 = Debug|x64
		{91A3D120-6D9C-438C-A1D9-7C9B0CD0499A}.Debug|x86.ActiveCfg = Debug|Win32
		{91A3D120-6D9C-438C-A1D9-7C9B0CD0499A}.Debug|x86.Build.0 = Debug|Win32
		{91A3D120-6D9C-438C-A1D9-7C9B0CD0499A}.Release|x64.ActiveCfg = Release|x64
		{91A3D120-6D9C-438C-A1D9-7C9B0CD0499A}.Release|x64.Build.0 = Release|x64
		{91A3D120-6D9C-438C-A1D9-7C9B0CD0499A}.Release|x86.ActiveCfg = Release|Win32
		{91A3D120-6D9C-438C-A1D9-7C9B0CD0499A}.Release|x86.Build.0 = Release|Win32
		{198F42A6-1B2D-48EB-BF30-371DA23AB939}.Debug|x64.ActiveCfg = Debug|x64
		{198F42A6-1B2D-48EB-BF30-371DA23AB939}.Debug|x64.Build.0 = Debug|x64
		{198F42A6-1B2D-48EB-BF30-371DA23AB939}.Debug|x86.ActiveCfg = Debug|Win32
		{198F42A6-1B2D-48EB-BF30-371DA23AB939}.Debug|x86.Build.0 = Debug|Win32
		{198F42A6-1B2D-48EB-BF30-371DA23AB939}.Release|x64.ActiveCfg = Release|x64
		{198F42A6-1B2D-48EB-BF30-371DA23AB939}.Release|x64.Build.0 = Release|x64
		{198F42A6-1B2D-48EB-BF30-371DA23AB939}.Release|x86.ActiveCfg = Release|Win32
		{198F42A6-1B2D-48EB-BF30-371DA23AB939}.Release|x86.Build.0 = Release|Win32
		{B8675157-5275-4023-8346-0C0B44377EAF}.Debug|x64.ActiveCfg = Debug|x64
		{B8675157-5275-4023-8346-0C0B44377EAF}.Debug|x64.Build.0 = Debug|x64
		{B8675157-5275-4023-8346-0C0B44377EAF}.Debug|x86.ActiveCfg = Debug|Win32
		{B8675157-5275-4023-8346-0C0B44377EAF}.Debug|x86.Build.0 = Debug|Win32
		{B8675157-5275-4023-8346-0C0B44377EAF}.Release|x64.ActiveCfg = Release|x64
		{B8675157-5275-4023-8346-0C0B44377EAF}.Release|x64.Build.0 = Release|x64
		{B8675157-5275-4023-8346-0C0B44377EAF}.Release|x86.ActiveCfg = Release|Win32
		{B8675157-5275-4023-8346-0C0B44377EAF}.Release|x86.Build.0 = Release|Win32
		{51C496EC-A8B0-4441-AD05-9445080007D2}.Debug|x64.ActiveCfg = Debug|x64
		{51C496EC-A8B0-4441-AD05-9445080007D2}.Debug|x64.Build.0 = Debug|x64
		{51C496EC-A8B0-4441-AD05-9445080007D2}.Debug|x86.ActiveCfg = Debug|Win32
		{51C496EC-A8B0-4441-AD05-9445080007D2}.Debug|x86.Build.0 = Debug|Win32
		{51C496EC-A8B0-4441-AD05-9445080007D2}.Release|x64.ActiveCfg = Release|x64
		{51C496EC-A8B0-4441-AD05-9445080007D2}.Release|x64.Build.0 = Release|x64
		{51C496EC-A8B0-4441-AD05-9445080007D2}.Release|x86.ActiveCfg = Release|Win32
		{51C496EC-A8B0-4441-AD05-9445080007D2}.Release|x86.Build.0 = Release|Win32
		{98A8E07F-5809-4CDF-9F97-E6513E9808CD}.Debug|x64.ActiveCfg = Debug|x64
		{98A8E07F-5809-4CDF-9F97-E6513E9808CD}.Debug|x64.Build.0 = Debug|x64
		{98A8E07F-5809-4CDF-9F97-E6513E9808CD}.Debug|x86.ActiveCfg = Debug|Win32
		{98A8E07F-5809-4CDF-9F97-E6513E9808CD}.Debug|x86.Build.0 = Debug|Win32
		{98A8E07F-5809-4CDF-9F97-E6513E9808CD}.Release|x64.ActiveCfg = Release|x64
		{98A8E07F-5809-4CDF-9F97-E6513E9808CD}.Release|x64.Build.0 = Release|x64
		{98A8E07F-5809-4CDF-9F97-E6513E9808CD}.Release|x86.ActiveCfg = Release|Win32
		{98A8E07F-5809-4CDF-9F97-E6513E9808CD}.Release|x86.Build.0 = Release|Win32
		{BB8CBAC7-A341-41AA-A121-EA2CCE707E72}.Debug|x64.ActiveCfg = Debug|x64
		{BB8CBAC7-A341-41AA-A121-EA2CCE707E72}.Debug|x64.Build.0 = Debug|x64
		{BB8CBAC7-A341-41AA-A121-EA2CCE707E72}.Debug|x86.ActiveCfg = Debug|Win32
		{BB8CBAC7-A341-41AA-A121-EA2CCE707E72}.Debug|x86.Build.0 = Debug|Win32
		{BB8CBAC7-A341-41AA-A121-EA2CCE707E72}.Release|x64.ActiveCfg = Release|x64
		{BB8CBAC7-A341-41AA-A121-EA2CCE707E72}.Release|x64.Build.0 = Release|x64
		{BB8CBAC7-A341-41AA-A121-EA2CCE707E72}.Release|x86.ActiveCfg = Release|Win32
		{BB8CBAC7-A341-41AA-A121-EA2CCE707E72}.Release|x86.Build.0 = Release|Win32
		{CDB3E627-75B0-4C62-8925-A747F95DF306}.Debug|x64.ActiveCfg = Debug|x64
		{CDB3E627-75B0-4C62-8925-A747F95DF306}.Debug|x64.Build.0 = Debug|x64
		{CDB3E627-75B0-4C62-8925-A747F95DF306}.Debug|x86.ActiveCfg = Debug|Win32
		{CDB3E627-75B0-4C62-8925-A747F95DF306}.Debug|x86.Build.0 = Debug|Win32
		{CDB3E627-75B0-4C62-8925-A747F95DF306}.Release|x64.ActiveCfg = Release|x64
		{CDB3E627-75B0-4C62-8925-A747F95DF306}.Release|x64.Build.0 = Release|x64
		{CDB3E627-75B0-4C62-8925-A747F95DF306}.Release|x86.ActiveCfg = Release|Win32
		{CDB3E627-75B0-4C62-8925-A747F95DF306}.Release|x86.Build.0 = Release|Win32
		{9F30CF4B-A25A-4CB6-8796-212728F90CB2}.Debug|x64.ActiveCfg = Debug|x64
		{9F30CF4B-A25A-4CB6-8796-212728F90CB2}.Debug|x64.Build.0 = Debug|x64
		{9F30CF4B-A25A-4CB6-8796-212728F90CB2}.Debug|x86.ActiveCfg = Debug|Win32
		{9F30CF4B-A25A-4CB6-8796-212728F90CB2}.Debug|x86.Build.0 = Debug|Win32
		{9F30CF4B-A25A-4CB6-8796-212728F90CB2}.Release|x64.ActiveCfg = Release|x64
		{9F30CF4B-A25A-4CB6-8796-212728F90CB2}.Release|x64.Build.0 = Release|x64
		{9F30CF4B-A25A-4CB6-8796-212728F90CB2}.Release|x86.ActiveCfg = Release|Win32
		{9F30CF4B-A25A-4CB6-8796-212728F90CB2}.Release|x86.Build.0 = Release|Win32
	EndGlobalSection
	GlobalSection(SolutionProperties) = preSolution
		HideSolutionNode = FALSE
	EndGlobalSection
	GlobalSection(NestedProjects) = preSolution
		{20A19C4C-FF7C-46D6-A831-B51791C4A79D} = {DF8F76DA-F10A-4D74-B374-87E5A77108E4}
		{F7B371C3-4531-40CF-99B7-58937791340E} = {DF8F76DA-F10A-4D74-B374-87E5A77108E4}
		{365F8C30-BD99-45DA-9A6D-87CA35FAD459} = {DF8F76DA-F10A-4D74-B374-87E5A77108E4}
		{F3ECE0FD-666D-4B3B-8496-086920C94BBB} = {DF8F76DA-F10A-4D74-B374-87E5A77108E4}
		{2ACD338A-85F4-480C-9E8A-8AA8B0822F83} = {DF8F76DA-F10A-4D74-B374-87E5A77108E4}
		{EA5F2ABF-2692-4E8F-8FCD-43AFC609950C} = {DF8F76DA-F10A-4D74-B374-87E5A77108E4}
		{BBFF19AC-343F-448F-84F2-641D8E8BFCE5} = {DF8F76DA-F10A-4D74-B374-87E5A77108E4}
		{CCBB8CDF-9EB2-48AE-9A9C-87EEB72F8602} = {DF8F76DA-F10A-4D74-B374-87E5A77108E4}
		{91A3D120-6D9C-438C-A1D9-7C9B0CD0499A} = {DF8F76DA-F10A-4D74-B374-87E5A77108E4}
		{198F42A6-1B2D-48EB-BF30-371DA23AB939} = {DF8F76DA-F10A-4D74-B374-87E5A77108E4}
		{B8675157-5275-4023-8346-0C0B44377EAF} = {DF8F76DA-F10A-4D74-B374-87E5A77108E4}
		{51C496EC-A8B0-4441-AD05-9445080007D2} = {DF8F76DA-F10A-4D74-B374-87E5A77108E4}
		{98A8E07F-5809-4CDF-9F97-E6513E9808CD} = {DF8F76DA-F10A-4D74-B374-87E5A77108E4}
		{BB8CBAC7-A341-41AA-A121-EA2CCE707E72} = {DF8F76DA-F10A-4D74-B374-87E5A77108E4}
		{CDB3E627-75B0-4C62-8925-A747F95DF306} = {DF8F76DA-F10A-4D74-B374-87E5A77108E4}
		{9F30CF4B-A25A-4CB6-8796-212728F90CB2} = {DF8F76DA-F10A-4D74-B374-87E5A77108E4}
	EndGlobalSection
	GlobalSection(ExtensibilityGlobals) = postSolution
		SolutionGuid = {47AA37F2-FF16-4E54-AFCD-81468BAD6456}
	EndGlobalSection
EndGlobal
